codeberg.org/reiver/go-accturi v0.0.0-20250903232636-bf0d8f17043a h1:0yd4mu/26gJtefuFMXuWA/+5ES/8aIQx+lhVTL+URi8=
codeberg.org/reiver/go-accturi v0.0.0-20250903232636-bf0d8f17043a/go.mod h1:Vfh4AY2l4/Vz2Xeya4/kuBItdrXX4IoQIODb+DM0W0E=
codeberg.org/reiver/go-activitypub v0.0.0-20260529071610-a1ad50fe20df h1:p6GaNoQ6OqLfT0kAJrGJp2SuYbECou2Ri7aIkOOi3Yk=
codeberg.org/reiver/go-activitypub v0.0.0-20260529071610-a1ad50fe20df/go.mod h1:JL5cVLNI9JGy0ahA5u87deASL46V6IDojYGC+hMf4Rc=
codeberg.org/reiver/go-ansicolor v0.0.0-20251210134648-774252d78153 h1:/qSBaF4Djq1BHw+MxLbO9mCSFL+aYKkRcnXc3J9L5Bc=
codeberg.org/reiver/go-ansicolor v0.0.0-20251210134648-774252d78153/go.mod h1:AVMt1Ycjgd1219qBwA/+WtsI862FEQWAj7x3tfSE6WQ=
codeberg.org/reiver/go-ascii v0.0.0-20250831011101-29ac37bfb987 h1:8f7cz3PdXP+F2AVqYcWnodS3PPG2gEFvuJ4wPj1kv4s=
codeberg.org/reiver/go-ascii v0.0.0-20250831011101-29ac37bfb987/go.mod h1:GuoN8yLT3H0D+0rswq8A+6sQF99w/HvueBMU3n4IPk4=
codeberg.org/reiver/go-env v0.0.0-20260413055738-10e4063a459c h1:Et1ktanrSY+NNy9KKRMlJVLAGu2XEHBsiKSqEMAUVkQ=
codeberg.org/reiver/go-env v0.0.0-20260413055738-10e4063a459c/go.mod h1:LI+4NJ8AIMMfGwLciKKECotS8gpug2KxYMsJoPdeps0=
codeberg.org/reiver/go-erorr v0.0.0-20260509033006-5ff6fb3009f8 h1:es9Eqp/T4MwWnuXxckiAi4BrY9mWSt2v03c2lEcZXZY=
codeberg.org/reiver/go-erorr v0.0.0-20260509033006-5ff6fb3009f8/go.mod h1:+Saq1zyG5OLc5K5PW2Kt7CkXQyiJNX0+lC18/XFeSrY=
codeberg.org/reiver/go-fedifinger v0.0.0-20260530074406-6d8811fa66dc h1:zUK1Zz1HndjLRP/7wYwU0NXVqUVjCAD2BnDO1SPXJhQ=
codeberg.org/reiver/go-fedifinger v0.0.0-20260530074406-6d8811fa66dc/go.mod h1:zWJJIdn7OpAs8FDpvTxUHOnvMBr9e9poOnYJDQW6gYY=
codeberg.org/reiver/go-fediverseid v0.0.0-20260528063435-0879d8ebb704 h1:nFLOdmtxKLqflzYjZeVA9cUmv4UDTZXt7qGpvNiFTDw=
codeberg.org/reiver/go-fediverseid v0.0.0-20260528063435-0879d8ebb704/go.mod h1:rcZMqiUTOE+n7a9bNH5j/oRe0FhDpaPncwyVS48Yg2o=
codeberg.org/reiver/go-field v0.0.0-20260509173924-0dc6d883004c h1:Xnk39Spt9nXBQ1VghV6KSRwgi7LSttlARuMyO8jI+LU=
codeberg.org/reiver/go-field v0.0.0-20260509173924-0dc6d883004c/go.mod h1:752EzuARz/8LnYzfPcxBFIIKstqok9fyTUmi5qnjn+Q=
codeberg.org/reiver/go-log v0.0.0-20260509033048-72a468b78312 h1:w3oWDPHyo9m9bvhwKZHMwaiCafPARL+xbcOT0KdDx+o=
codeberg.org/reiver/go-log v0.0.0-20260509033048-72a468b78312/go.mod h1:v+Vj+GSt1v63c9wqLfp5sqyDaK3SEU3UFH3UB4x81ZM=
codeberg.org/reiver/go-plan v0.0.0-20251205233422-898ceb8a386b h1:ypmc96LG9M70ZeU967BeIGD2vsExB8NeF0+fvUm0P0s=
codeberg.org/reiver/go-plan v0.0.0-20251205233422-898ceb8a386b/go.mod h1:tB4bTAecrAUS1W1RgfxBNtDrtp/aAlH+7u8peTLZ/kA=
codeberg.org/reiver/go-smallmonday v0.0.0-20250922195009-1631b4fb2882 h1:b7lMjb5erZmMQNKZhfiV0JTmYxUJCeF/pvlyl6KdoSg=
codeberg.org/reiver/go-smallmonday v0.0.0-20250922195009-1631b4fb2882/go.mod h1:iaoIZluQD41bOdXhqYyG2AMMtfKo0ja9CfASpV2jXsw=
codeberg.org/reiver/go-strparse v0.0.0-20260413055629-df7d67b5ed29 h1:wu13yc4AxuT1Y36t+hg0okrHx7rXCxI6t2TwVYwxXP0=
codeberg.org/reiver/go-strparse v0.0.0-20260413055629-df7d67b5ed29/go.mod h1:SGxud9EwhxbOKNz2J3PVXRYTHy8z61RRsij4mdXmxmI=
codeberg.org/reiver/go-webfinger v0.0.0-20260530050444-60e14a11338e h1:2YcLoHpVm22tBWiFTLwaqRyCSjnynX4BMYcIpq3uZUo=
codeberg.org/reiver/go-webfinger v0.0.0-20260530050444-60e14a11338e/go.mod h1:0RzlcNnTdi8bATFEBPyfaZNN3NIrf/OgfdKvHKls7GY=
eliasnaur.com/font v0.0.0-20230308162249-dd43949cb42d h1:ARo7NCVvN2NdhLlJE9xAbKweuI9L6UgfTbYb0YwPacY=
eliasnaur.com/font v0.0.0-20230308162249-dd43949cb42d/go.mod h1:OYVuxibdk9OSLX8vAqydtRPP87PyTFcT9uH3MlEGBQA=
gioui.org v0.10.0 h1:kV6NKGbEp0JSPLtgoT/xk5dMexVDzvEOErXA40gUxrU=
gioui.org v0.10.0/go.mod h1:MZJZsdEPkTBzChdqeE8CiiQhreUQBj43qusDxQNDf7k=
gioui.org/cpu v0.0.0-20210808092351-bfe733dd3334/go.mod h1:A8M0Cn5o+vY5LTMlnRoK3O5kG+rH0kWfJjeKd9QpBmQ=
gioui.org/shader v1.0.8 h1:6ks0o/A+b0ne7RzEqRZK5f4Gboz2CfG+mVliciy6+qA=
gioui.org/shader v1.0.8/go.mod h1:mWdiME581d/kV7/iEhLmUgUK5iZ09XR5XpduXzbePVM=
gioui.org/x v0.10.0 h1:+oXnsUsyqQEldUR+4l+U25hHv6lU6TagZxXi9YDWEXE=
gioui.org/x v0.10.0/go.mod h1:ruS8Rj06tvag88dJmb8mrWbgmrcahiPZcBLd2ZKyQ6Q=
github.com/aymerick/douceur v0.2.0 h1:Mv+mAeH1Q+n9Fr+oyamOlAkUNPWPlA8PPGR0QAaYuPk=
github.com/aymerick/douceur v0.2.0/go.mod h1:wlT5vV2O3h55X9m7iVYN0TBM0NH/MmbLnd30/FjWUq4=
github.com/dustin/go-humanize v1.0.1 h1:GzkhY7T5VNhEkwH0PVJgjz+fX1rhBrR7pRT3mDkpeCY=
github.com/dustin/go-humanize v1.0.1/go.mod h1:Mu1zIs6XwVuF/gI1OepvI0qD18qycQx+mFykh5fBlto=
github.com/go-text/typesetting v0.3.4 h1:YYurUOtEb9kGSOz4uE3k4OpBGsp1dDL8+fjCeaFamAU=
github.com/go-text/typesetting v0.3.4/go.mod h1:4qZCQphq4KSgGTAeI0uMEkVbROgfah8BuyF5LRYr7XY=
github.com/go-text/typesetting-utils v0.0.0-20260223113751-2d88ac90dae3 h1:drBZzMgdYPbmyXqOto4YhhJGrFIQCX94FpR4MzTCsos=
github.com/go-text/typesetting-utils v0.0.0-20260223113751-2d88ac90dae3/go.mod h1:3/62I4La/HBRX9TcTpBj4eipLiwzf+vhI+7whTc9V7o=
github.com/google/pprof v0.0.0-20250317173921-a4b03ec1a45e h1:ijClszYn+mADRFY17kjQEVQ1XRhq2/JR1M3sGqeJoxs=
github.com/google/pprof v0.0.0-20250317173921-a4b03ec1a45e/go.mod h1:boTsfXsheKC2y+lKOCMpSfarhxDeIzfZG1jqGcPl3cA=
github.com/google/uuid v1.6.0 h1:NIvaJDMOsjHA8n1jAhLSgzrAzy1Hgr+hNrb57e+94F0=
github.com/google/uuid v1.6.0/go.mod h1:TIyPZe4MgqvfeYDBFedMoGGpEw/LqOeaOT+nhxU+yHo=
github.com/gorilla/css v1.0.1 h1:ntNaBIghp6JmvWnxbZKANoLyuXTPZ4cAMlo6RyhlbO8=
github.com/gorilla/css v1.0.1/go.mod h1:BvnYkspnSzMmwRK+b8/xgNPLiIuNZr6vbZBTPQ2A3b0=
github.com/hashicorp/golang-lru/v2 v2.0.7 h1:a+bsQ5rvGLjzHuww6tVxozPZFVghXaHOwFs4luLUK2k=
github.com/hashicorp/golang-lru/v2 v2.0.7/go.mod h1:QeFd9opnmA6QUJc5vARoKUSoFhyfM2/ZepoAG6RGpeM=
github.com/mattn/go-isatty v0.0.20 h1:xfD0iDuEKnDkl03q4limB+vH+GxLEtL/jb4xVJSWWEY=
github.com/mattn/go-isatty v0.0.20/go.mod h1:W+V8PltTTMOvKvAeJH7IuucS94S2C6jfK/D7dTCTo3Y=
github.com/microcosm-cc/bluemonday v1.0.27 h1:MpEUotklkwCSLeH+Qdx1VJgNqLlpY2KXwXFM08ygZfk=
github.com/microcosm-cc/bluemonday v1.0.27/go.mod h1:jFi9vgW+H7c3V0lb6nR74Ib/DIB5OBs92Dimizgw2cA=
github.com/ncruces/go-strftime v1.0.0 h1:HMFp8mLCTPp341M/ZnA4qaf7ZlsbTc+miZjCLOFAw7w=
github.com/ncruces/go-strftime v1.0.0/go.mod h1:Fwc5htZGVVkseilnfgOVb9mKy6w1naJmn9CehxcKcls=
github.com/reiver/go-ascii v0.0.0-20241231150941-77b5f046e732 h1:ZuWdUYMnbfBtCN/FpAPceMw1kNYNH1eGslBFmqMLTMc=
github.com/reiver/go-ascii v0.0.0-20241231150941-77b5f046e732/go.mod h1:f43/Y1zpLvqorZN0BelarPzO2GrotAQrBy3T08NUSTM=
github.com/reiver/go-blanknode v0.0.0-20260223080216-e52d50c68f52 h1:Hgc3jh0UaGleNqO4eym0STmsn9ceWyYUrCR2FItEvfo=
github.com/reiver/go-blanknode v0.0.0-20260223080216-e52d50c68f52/go.mod h1:zQZyBNcaDYlP/4K5m5DgPoPdQJaySCvZGSJoL0aTado=
github.com/reiver/go-calltrace v0.0.0-20251216205616-3931a8c7b154 h1:3w3kacKCTHArAMZenoEO2qssZzJiQ9G8ZJgEvKerbuE=
github.com/reiver/go-calltrace v0.0.0-20251216205616-3931a8c7b154/go.mod h1:b9j4dbN++ed+soAS/+wSCZ+OsZSm3CWiuzxps8nzkew=
github.com/reiver/go-erorr v0.0.0-20240801233437-8cbde6d1fa3f h1:D1QSxKHm8U73XhjsW3SFLkT0zT5pKJi+1KGboMhY1Rk=
github.com/reiver/go-erorr v0.0.0-20240801233437-8cbde6d1fa3f/go.mod h1:F0HbBf+Ak2ZlE8YkDW4Y+KxaUmT0KaaIJK6CXY3cJxE=
github.com/reiver/go-errhttp v1.1.1-0.20240827033330-e4ea888843cc h1:mNFBGeNf9548+jBdaznubw4oyDC9hJOFTDajP72152Y=
github.com/reiver/go-errhttp v1.1.1-0.20240827033330-e4ea888843cc/go.mod h1:J55rONfn+39379roH0KxMCGv6w9ifhZIoSKaVswRUDk=
github.com/reiver/go-etag v0.0.0-20241130123934-1a98d29fda6e h1:2FJeuK9Uc6BGLnXz4QOyfPefILfXGoPxiyCpgwz0WMU=
github.com/reiver/go-etag v0.0.0-20241130123934-1a98d29fda6e/go.mod h1:TGoPFV3b4+PE2rF27XiFZLu6dg4faIEx7AUITCKyj4c=
github.com/reiver/go-giotoast v0.0.0-20260530213940-e1bb4d6f5a14 h1:2ttIaWxvcRwySI1ktA8GopSvpyrHrLFOqPp/NS4+i6A=
github.com/reiver/go-giotoast v0.0.0-20260530213940-e1bb4d6f5a14/go.mod h1:j2v0/7M0jMBokcce+EMYlK+Q0R0ZocV0fGao83YeLtM=
github.com/reiver/go-json v0.0.0-20260526180757-93b3b3c7827d h1:12ImYKLcDfoHpV4B683ZvV5X6oQqU0GwAajJJB7qoSY=
github.com/reiver/go-json v0.0.0-20260526180757-93b3b3c7827d/go.mod h1:VefFGTBXCXZ7DwID0jXaAJBQoNnmDQitBQ80E73QPAg=
github.com/reiver/go-jsonld v0.0.0-20260526195905-2d71d7d7decf h1:vL1cMfGs5FXsZiErO44WVFbL6+0RkL/r1q7W4BvwANM=
github.com/reiver/go-jsonld v0.0.0-20260526195905-2d71d7d7decf/go.mod h1:WA2KxsF/JTSfSXrV+nzJyIwATxcJzFx4/Dr7PLf6jcg=
github.com/reiver/go-jsonpp v0.0.0-20240802002345-16cd4c5a34ee h1:KhA+fe6qjEw6ZbN3vjPICGL0NqR+rghYre4SQB0WWVs=
github.com/reiver/go-jsonpp v0.0.0-20240802002345-16cd4c5a34ee/go.mod h1:iubeYYU+lR1wqKssI6Sz1DK/Aw/N/qmRcam0wf8hYIs=
github.com/reiver/go-lck v0.0.0-20250904175207-b06db1642fd1 h1:Kt9vEC3yN6itN4LhZFmjKAG23G7a1exp81HIhHIRMc8=
github.com/reiver/go-lck v0.0.0-20250904175207-b06db1642fd1/go.mod h1:PFseSi8S0CBkc+YB6jYWtogPk83LumclnYJZZBQJJhs=
github.com/reiver/go-nul v0.0.0-20260309043606-3c1893100dc2 h1:lHJTg2gM0mkPmS/dEwMNEhWsKhtDTrLEMQCwlvZLvuE=
github.com/reiver/go-nul v0.0.0-20260309043606-3c1893100dc2/go.mod h1:MF52Ubf46GDzATZlcjh/rGpVfv700Jt7XX5W0WHle30=
github.com/reiver/go-opt v0.0.0-20260410151028-cc34d487e508 h1:ETZ2+gKwMCIPbxjoYGqZQUurs/mKEF4Z3/K/ZN0dfOo=
github.com/reiver/go-opt v0.0.0-20260410151028-cc34d487e508/go.mod h1:wHNwdPLR/veyiWpxj9Vvof0lnHeHNVdU5Vx+rjoY9+o=
github.com/reiver/go-ord v0.0.0-20260222220705-d6aedb3eb0fc h1:xBBwZRmZhwWaAJL09EtMiU41rIwp6y87nKOmPzUtFmk=
github.com/reiver/go-ord v0.0.0-20260222220705-d6aedb3eb0fc/go.mod h1:OvqfI6FHXeWM5n0x4z3WaA2qhI5j80KFzf8T1XkQqaI=
github.com/reiver/go-pckstr v0.0.0-20260425220659-60660d07c451 h1:qbhaYK3YedTMtmGQeTIresf1IjD7RYsaNG4t8anqiiM=
github.com/reiver/go-pckstr v0.0.0-20260425220659-60660d07c451/go.mod h1:Ntz1C3qY9mCVE6zQXJZH1iEWV/a4avdNUU74yGvR3jE=
github.com/reiver/go-rfc2234 v0.0.0-20240824134608-874192441e79 h1:DRNqoxS6b5TLHKjX5hE6PSL2b0GqlMiw5Vh4ct7oIYs=
github.com/reiver/go-rfc2234 v0.0.0-20240824134608-874192441e79/go.mod h1:ukK719h1pqMMWmCcBwHnBCcY2lRYnnBpWljt3Ek4QDs=
github.com/reiver/go-rfc3986 v0.0.0-20250715210429-fb2d5b78e44d h1:PqUUSx1GB5m16w96AI4C29Rz4n4vXk4N+Dr45Hqs1UM=
github.com/reiver/go-rfc3986 v0.0.0-20250715210429-fb2d5b78e44d/go.mod h1:1s1+oVUwlf9YR6OBviKPzdu7u8teovIQA84fn2gM4/s=
github.com/reiver/go-tootns v0.0.0-20250208194004-a1e2b1b3b78f h1:sC6y3ppnTNtMGGaDsa95V2lljP24yI1zNfMIaK5p1uc=
github.com/reiver/go-tootns v0.0.0-20250208194004-a1e2b1b3b78f/go.mod h1:7jt8Ng52bHOjBi34/RFLOeUacdfgv/GeFN0v4IcvNag=
github.com/remyoudompheng/bigfft v0.0.0-20230129092748-24d4a6f8daec h1:W09IVJc94icq4NjY3clb7Lk8O1qJ8BdBEF8z0ibU0rE=
github.com/remyoudompheng/bigfft v0.0.0-20230129092748-24d4a6f8daec/go.mod h1:qqbHyh8v60DhA7CoWK5oRCqLrMHRGoxYCSS9EjAz6Eo=
golang.org/x/exp v0.0.0-20251125195548-87e1e737ad39 h1:DHNhtq3sNNzrvduZZIiFyXWOL9IWaDPHqTnLJp+rCBY=
golang.org/x/exp v0.0.0-20251125195548-87e1e737ad39/go.mod h1:46edojNIoXTNOhySWIWdix628clX9ODXwPsQuG6hsK0=
golang.org/x/exp/shiny v0.0.0-20250408133849-7e4ce0ab07d0 h1:tMSqXTK+AQdW3LpCbfatHSRPHeW6+2WuxaVQuHftn80=
golang.org/x/exp/shiny v0.0.0-20250408133849-7e4ce0ab07d0/go.mod h1:ygj7T6vSGhhm/9yTpOQQNvuAUFziTH7RUiH74EoE2C8=
golang.org/x/image v0.26.0 h1:4XjIFEZWQmCZi6Wv8BoxsDhRU3RVnLX04dToTDAEPlY=
golang.org/x/image v0.26.0/go.mod h1:lcxbMFAovzpnJxzXS3nyL83K27tmqtKzIJpctK8YO5c=
golang.org/x/mod v0.35.0 h1:Ww1D637e6Pg+Zb2KrWfHQUnH2dQRLBQyAtpr/haaJeM=
golang.org/x/mod v0.35.0/go.mod h1:+GwiRhIInF8wPm+4AoT6L0FA1QWAad3OMdTRx4tFYlU=
golang.org/x/net v0.54.0 h1:2zJIZAxAHV/OHCDTCOHAYehQzLfSXuf/5SoL/Dv6w/w=
golang.org/x/net v0.54.0/go.mod h1:Sj4oj8jK6XmHpBZU/zWHw3BV3abl4Kvi+Ut7cQcY+cQ=
golang.org/x/sync v0.20.0 h1:e0PTpb7pjO8GAtTs2dQ6jYa5BWYlMuX047Dco/pItO4=
golang.org/x/sync v0.20.0/go.mod h1:9xrNwdLfx4jkKbNva9FpL6vEN7evnE43NNNJQ2LF3+0=
golang.org/x/sys v0.6.0/go.mod h1:oPkhp1MJrh7nUepCBck5+mAzfO9JrbApNNgaTdGDITg=
golang.org/x/sys v0.44.0 h1:ildZl3J4uzeKP07r2F++Op7E9B29JRUy+a27EibtBTQ=
golang.org/x/sys v0.44.0/go.mod h1:4GL1E5IUh+htKOUEOaiffhrAeqysfVGipDYzABqnCmw=
golang.org/x/text v0.37.0 h1:Cqjiwd9eSg8e0QAkyCaQTNHFIIzWtidPahFWR83rTrc=
golang.org/x/text v0.37.0/go.mod h1:a5sjxXGs9hsn/AJVwuElvCAo9v8QYLzvavO5z2PiM38=
golang.org/x/tools v0.44.0 h1:UP4ajHPIcuMjT1GqzDWRlalUEoY+uzoZKnhOjbIPD2c=
golang.org/x/tools v0.44.0/go.mod h1:KA0AfVErSdxRZIsOVipbv3rQhVXTnlU6UhKxHd1seDI=
modernc.org/cc/v4 v4.28.2 h1:3tQ0lf2ADtoby2EtSP+J7IE2SHwEJdP8ioR59wx7XpY=
modernc.org/cc/v4 v4.28.2/go.mod h1:OnovgIhbbMXMu1aISnJ0wvVD1KnW+cAUJkIrAWh+kVI=
modernc.org/ccgo/v4 v4.34.0 h1:yRLPFZieg532OT4rp4JFNIVcquwalMX26G95WQDqwCQ=
modernc.org/ccgo/v4 v4.34.0/go.mod h1:AS5WYMyBakQ+fhsHhtP8mWB82KTGPkNNJDGfGQCe0/A=
modernc.org/fileutil v1.4.0 h1:j6ZzNTftVS054gi281TyLjHPp6CPHr2KCxEXjEbD6SM=
modernc.org/fileutil v1.4.0/go.mod h1:EqdKFDxiByqxLk8ozOxObDSfcVOv/54xDs/DUHdvCUU=
modernc.org/gc/v2 v2.6.5 h1:nyqdV8q46KvTpZlsw66kWqwXRHdjIlJOhG6kxiV/9xI=
modernc.org/gc/v2 v2.6.5/go.mod h1:YgIahr1ypgfe7chRuJi2gD7DBQiKSLMPgBQe9oIiito=
modernc.org/gc/v3 v3.1.2 h1:ZtDCnhonXSZexk/AYsegNRV1lJGgaNZJuKjJSWKyEqo=
modernc.org/gc/v3 v3.1.2/go.mod h1:HFK/6AGESC7Ex+EZJhJ2Gni6cTaYpSMmU/cT9RmlfYY=
modernc.org/goabi0 v0.2.0 h1:HvEowk7LxcPd0eq6mVOAEMai46V+i7Jrj13t4AzuNks=
modernc.org/goabi0 v0.2.0/go.mod h1:CEFRnnJhKvWT1c1JTI3Avm+tgOWbkOu5oPA8eH8LnMI=
modernc.org/libc v1.72.3 h1:ZnDF4tXn4NBXFutMMQC4vtbTFSXhhKzR73fv0beZEAU=
modernc.org/libc v1.72.3/go.mod h1:dn0dZNnnn1clLyvRxLxYExxiKRZIRENOfqQ8XEeg4Qs=
modernc.org/mathutil v1.7.1 h1:GCZVGXdaN8gTqB1Mf/usp1Y/hSqgI2vAGGP4jZMCxOU=
modernc.org/mathutil v1.7.1/go.mod h1:4p5IwJITfppl0G4sUEDtCr4DthTaT47/N3aT6MhfgJg=
modernc.org/memory v1.11.0 h1:o4QC8aMQzmcwCK3t3Ux/ZHmwFPzE6hf2Y5LbkRs+hbI=
modernc.org/memory v1.11.0/go.mod h1:/JP4VbVC+K5sU2wZi9bHoq2MAkCnrt2r98UGeSK7Mjw=
modernc.org/opt v0.2.0 h1:tGyef5ApycA7FSEOMraay9SaTk5zmbx7Tu+cJs4QKZg=
modernc.org/opt v0.2.0/go.mod h1:03fq9lsNfvkYSfxrfUhZCWPk1lm4cq4N+Bh//bEtgns=
modernc.org/sortutil v1.2.1 h1:+xyoGf15mM3NMlPDnFqrteY07klSFxLElE2PVuWIJ7w=
modernc.org/sortutil v1.2.1/go.mod h1:7ZI3a3REbai7gzCLcotuw9AC4VZVpYMjDzETGsSMqJE=
modernc.org/sqlite v1.50.1 h1:l+cQvn0sd0zJJtfygGHuQJ5AjlrwXmWPw4KP3ZMwr9w=
modernc.org/sqlite v1.50.1/go.mod h1:tcNzv5p84E0skkmJn038y+hWJbLQXQqEnQfeh5r2JLM=
modernc.org/strutil v1.2.1 h1:UneZBkQA+DX2Rp35KcM69cSsNES9ly8mQWD71HKlOA0=
modernc.org/strutil v1.2.1/go.mod h1:EHkiggD70koQxjVdSBM3JKM7k6L0FbGE5eymy9i3B9A=
modernc.org/token v1.1.0 h1:Xl7Ap9dKaEs5kLoOQeQmPWevfnk/DM5qcLcYlA8ys6Y=
modernc.org/token v1.1.0/go.mod h1:UGzOrNV1mAFSEB63lOFHIpNRUVMvYTc6yu1SMY/XTDM=
