codeberg.org/reiver/go-ansicolor v0.0.0-20251210134648-774252d78153 h1:/qSBaF4Djq1BHw+MxLbO9mCSFL+aYKkRcnXc3J9L5Bc=
codeberg.org/reiver/go-ansicolor v0.0.0-20251210134648-774252d78153/go.mod h1:AVMt1Ycjgd1219qBwA/+WtsI862FEQWAj7x3tfSE6WQ=
codeberg.org/reiver/go-env v0.0.0-20260413055738-10e4063a459c h1:Et1ktanrSY+NNy9KKRMlJVLAGu2XEHBsiKSqEMAUVkQ=
codeberg.org/reiver/go-env v0.0.0-20260413055738-10e4063a459c/go.mod h1:LI+4NJ8AIMMfGwLciKKECotS8gpug2KxYMsJoPdeps0=
codeberg.org/reiver/go-erorr v0.0.0-20260509033006-5ff6fb3009f8 h1:es9Eqp/T4MwWnuXxckiAi4BrY9mWSt2v03c2lEcZXZY=
codeberg.org/reiver/go-erorr v0.0.0-20260509033006-5ff6fb3009f8/go.mod h1:+Saq1zyG5OLc5K5PW2Kt7CkXQyiJNX0+lC18/XFeSrY=
codeberg.org/reiver/go-field v0.0.0-20260509032856-5b4f754dc77e h1:wUa4WGPsVMu+nIhoIHa3k0KuJMIvv8bKbc4QuNJAlso=
codeberg.org/reiver/go-field v0.0.0-20260509032856-5b4f754dc77e/go.mod h1:752EzuARz/8LnYzfPcxBFIIKstqok9fyTUmi5qnjn+Q=
codeberg.org/reiver/go-log v0.0.0-20260509033048-72a468b78312 h1:w3oWDPHyo9m9bvhwKZHMwaiCafPARL+xbcOT0KdDx+o=
codeberg.org/reiver/go-log v0.0.0-20260509033048-72a468b78312/go.mod h1:v+Vj+GSt1v63c9wqLfp5sqyDaK3SEU3UFH3UB4x81ZM=
codeberg.org/reiver/go-plan v0.0.0-20251205233422-898ceb8a386b h1:ypmc96LG9M70ZeU967BeIGD2vsExB8NeF0+fvUm0P0s=
codeberg.org/reiver/go-plan v0.0.0-20251205233422-898ceb8a386b/go.mod h1:tB4bTAecrAUS1W1RgfxBNtDrtp/aAlH+7u8peTLZ/kA=
codeberg.org/reiver/go-strparse v0.0.0-20260413055629-df7d67b5ed29 h1:wu13yc4AxuT1Y36t+hg0okrHx7rXCxI6t2TwVYwxXP0=
codeberg.org/reiver/go-strparse v0.0.0-20260413055629-df7d67b5ed29/go.mod h1:SGxud9EwhxbOKNz2J3PVXRYTHy8z61RRsij4mdXmxmI=
github.com/reiver/go-calltrace v0.0.0-20251216205616-3931a8c7b154 h1:3w3kacKCTHArAMZenoEO2qssZzJiQ9G8ZJgEvKerbuE=
github.com/reiver/go-calltrace v0.0.0-20251216205616-3931a8c7b154/go.mod h1:b9j4dbN++ed+soAS/+wSCZ+OsZSm3CWiuzxps8nzkew=
github.com/reiver/go-erorr v0.0.0-20240801233437-8cbde6d1fa3f h1:D1QSxKHm8U73XhjsW3SFLkT0zT5pKJi+1KGboMhY1Rk=
github.com/reiver/go-erorr v0.0.0-20240801233437-8cbde6d1fa3f/go.mod h1:F0HbBf+Ak2ZlE8YkDW4Y+KxaUmT0KaaIJK6CXY3cJxE=
github.com/reiver/go-lck v0.0.0-20250904175207-b06db1642fd1 h1:Kt9vEC3yN6itN4LhZFmjKAG23G7a1exp81HIhHIRMc8=
github.com/reiver/go-lck v0.0.0-20250904175207-b06db1642fd1/go.mod h1:PFseSi8S0CBkc+YB6jYWtogPk83LumclnYJZZBQJJhs=
golang.org/x/exp v0.0.0-20251125195548-87e1e737ad39 h1:DHNhtq3sNNzrvduZZIiFyXWOL9IWaDPHqTnLJp+rCBY=
golang.org/x/exp v0.0.0-20251125195548-87e1e737ad39/go.mod h1:46edojNIoXTNOhySWIWdix628clX9ODXwPsQuG6hsK0=
